
Microsoft Visual Studio Solution File, Format Version 12.00
# Visual Studio Version 16
VisualStudioVersion = 16.0.32228.343
MinimumVisualStudioVersion = 10.0.40219.1
Project("{FAE04EC0-301F-11D3-BF4B-00C04F79EFBC}") = "BFVS", "BFVS\BFVS.csproj", "{BD89FC66-2073-4514-81FB-F63607BE26F3}"
EndProject
Global
	GlobalSection(SolutionConfigurationPlatforms) = preSolution
		Debug|Any CPU = Debug|Any CPU
		Debug|ARM = Debug|ARM
		Debug|ARM64 = Debug|ARM64
		Debug|x64 = Debug|x64
		Debug|x86 = Debug|x86
		Release|Any CPU = Release|Any CPU
		Release|ARM = Release|ARM
		Release|ARM64 = Release|ARM64
		Release|x64 = Release|x64
		Release|x86 = Release|x86
	EndGlobalSection
	GlobalSection(ProjectConfigurationPlatforms) = postSolution
		{BD89FC66-2073-4514-81FB-F63607BE26F3}.Debug|Any CPU.ActiveCfg = Debug|Any CPU
		{BD89FC66-2073-4514-81FB-F63607BE26F3}.Debug|Any CPU.Build.0 = Debug|Any CPU
		{BD89FC66-2073-4514-81FB-F63607BE26F3}.Debug|ARM.ActiveCfg = Debug|Any CPU
		{BD89FC66-2073-4514-81FB-F63607BE26F3}.Debug|ARM.Build.0 = Debug|Any CPU
		{BD89FC66-2073-4514-81FB-F63607BE26F3}.Debug|ARM64.ActiveCfg = Debug|Any CPU
		{BD89FC66-2073-4514-81FB-F63607BE26F3}.Debug|ARM64.Build.0 = Debug|Any CPU
		{BD89FC66-2073-4514-81FB-F63607BE26F3}.Debug|x64.ActiveCfg = Debug|Any CPU
		{BD89FC66-2073-4514-81FB-F63607BE26F3}.Debug|x64.Build.0 = Debug|Any CPU
		{BD89FC66-2073-4514-81FB-F63607BE26F3}.Debug|x86.ActiveCfg = Debug|Any CPU
		{BD89FC66-2073-4514-81FB-F63607BE26F3}.Debug|x86.Build.0 = Debug|Any CPU
		{BD89FC66-2073-4514-81FB-F63607BE26F3}.Release|Any CPU.ActiveCfg = Release|Any CPU
		{BD89FC66-2073-4514-81FB-F63607BE26F3}.Release|Any CPU.Build.0 = Release|Any CPU
		{BD89FC66-2073-4514-81FB-F63607BE26F3}.Release|ARM.ActiveCfg = Release|Any CPU
		{BD89FC66-2073-4514-81FB-F63607BE26F3}.Release|ARM.Build.0 = Release|Any CPU
		{BD89FC66-2073-4514-81FB-F63607BE26F3}.Release|ARM64.ActiveCfg = Release|Any CPU
		{BD89FC66-2073-4514-81FB-F63607BE26F3}.Release|ARM64.Build.0 = Release|Any CPU
		{BD89FC66-2073-4514-81FB-F63607BE26F3}.Release|x64.ActiveCfg = Release|Any CPU
		{BD89FC66-2073-4514-81FB-F63607BE26F3}.Release|x64.Build.0 = Release|Any CPU
		{BD89FC66-2073-4514-81FB-F63607BE26F3}.Release|x86.ActiveCfg = Release|Any CPU
		{BD89FC66-2073-4514-81FB-F63607BE26F3}.Release|x86.Build.0 = Release|Any CPU
	EndGlobalSection
	GlobalSection(SolutionProperties) = preSolution
		HideSolutionNode = FALSE
	EndGlobalSection
	GlobalSection(ExtensibilityGlobals) = postSolution
		SolutionGuid = {C594F829-053E-48BC-99F9-7F3EB4BCB165}
	EndGlobalSection
EndGlobal
